// !$*UTF8*$!
{
	archiveVersion = 1;
	classes = {
	};
	objectVersion = 77;
	objects = {

/* Begin PBXBuildFile section */
		079C654ADA7CA274C291FD6F /* FullWindowView.swift in Sources */ = {isa = PBXBuildFile; fileRef = 9316E203B2E0226D3413E6A6 /* FullWindowView.swift */; };
		08755C5C741316E76D077E52 /* RecordingService.swift in Sources */ = {isa = PBXBuildFile; fileRef = 99C2E27315622F5378BC1B90 /* RecordingService.swift */; };
		0E0277418219B9890FECC504 /* TimeBlockEngine.swift in Sources */ = {isa = PBXBuildFile; fileRef = E7A1A4A2C0B5BBCBB1826D6A /* TimeBlockEngine.swift */; };
		1429FD2D64740CB7D2D05666 /* MCPServer.swift in Sources */ = {isa = PBXBuildFile; fileRef = 9435B446CEA02AB71591F629 /* MCPServer.swift */; };
		33C50DD5353C7CBD079CDB68 /* MCPServer.swift in Sources */ = {isa = PBXBuildFile; fileRef = 9435B446CEA02AB71591F629 /* MCPServer.swift */; };
		35FEFDC0378051A9549301EB /* DesignTokens.swift in Sources */ = {isa = PBXBuildFile; fileRef = 0F65E66C82AA9ADCD2BB9940 /* DesignTokens.swift */; };
		36F4E01C49E96BE4682277B2 /* ActionBar.swift in Sources */ = {isa = PBXBuildFile; fileRef = B333118B4893B3ACC26A48F6 /* ActionBar.swift */; };
		3C789FEECF52394585CF56E9 /* MenuBarPanel.swift in Sources */ = {isa = PBXBuildFile; fileRef = CBBAAF1E805104C572763E27 /* MenuBarPanel.swift */; };
		411723302DAA0FDE401F5D40 /* FactExtractor.swift in Sources */ = {isa = PBXBuildFile; fileRef = 5BEF1D98ED353BA61AED9794 /* FactExtractor.swift */; };
		4585D44C543E009F76A92690 /* EmailService.swift in Sources */ = {isa = PBXBuildFile; fileRef = 5BB171E92B4F88C6A829B0ED /* EmailService.swift */; };
		48BB1FFFC3606821A2282668 /* DatabaseService.swift in Sources */ = {isa = PBXBuildFile; fileRef = BD95BF8AE481474F9151CE73 /* DatabaseService.swift */; };
		493C34447B7D2E57F779096B /* KeychainService.swift in Sources */ = {isa = PBXBuildFile; fileRef = 3C20674B22EA786364042A02 /* KeychainService.swift */; };
		4A979E895E773C57F011ED9A /* SummaryContent.swift in Sources */ = {isa = PBXBuildFile; fileRef = 479FCCCEEB1D9213BD36FB31 /* SummaryContent.swift */; };
		5204F932F1DC2F41251BE46B /* SearchBar.swift in Sources */ = {isa = PBXBuildFile; fileRef = 8FAE3FD1DCE2396532C6762E /* SearchBar.swift */; };
		5217219F78672F7BC4F909AF /* AnalyticsEngine.swift in Sources */ = {isa = PBXBuildFile; fileRef = 31CA34B2872C0DD122CEF38D /* AnalyticsEngine.swift */; };
		53D08076F13CD341607C2A76 /* GRDB in Frameworks */ = {isa = PBXBuildFile; productRef = 52E20F426BCBA851A7E7E75B /* GRDB */; };
		54924B41044E12D8C548CDC6 /* PrivacyStatusBar.swift in Sources */ = {isa = PBXBuildFile; fileRef = 800206DAA1BB06787FF4E585 /* PrivacyStatusBar.swift */; };
		6209961C62B5A055E225838E /* PermissionService.swift in Sources */ = {isa = PBXBuildFile; fileRef = 24809B7EDC35B28FB825718E /* PermissionService.swift */; };
		6763A2D9B1D58EDF4C91ACD6 /* PastSummaryCard.swift in Sources */ = {isa = PBXBuildFile; fileRef = DFF6098E4D8A8224B0260FB0 /* PastSummaryCard.swift */; };
		69F68B07157407633BB8E3C0 /* GRDB in Frameworks */ = {isa = PBXBuildFile; productRef = C17C581A4A8646EC4EAF34BF /* GRDB */; };
		8AD0B88C138760E1F307EEB1 /* DatabaseService.swift in Sources */ = {isa = PBXBuildFile; fileRef = BD95BF8AE481474F9151CE73 /* DatabaseService.swift */; };
		95D1F8839C950B4AE70EF8DF /* KeychainService.swift in Sources */ = {isa = PBXBuildFile; fileRef = 3C20674B22EA786364042A02 /* KeychainService.swift */; };
		99B416D97C6BC6A0C836B16B /* Models.swift in Sources */ = {isa = PBXBuildFile; fileRef = 29788F509600637197A5B39D /* Models.swift */; };
		A5657C4B198A8AEB4277A8FC /* AppState.swift in Sources */ = {isa = PBXBuildFile; fileRef = B5684ECC745D0124D5D1224F /* AppState.swift */; };
		BE7838DE9D6CDB49F0FB887B /* DreamEngine.swift in Sources */ = {isa = PBXBuildFile; fileRef = 99F7AA73DC400937F893F26F /* DreamEngine.swift */; };
		C494A172314468A536023B86 /* AIExportSheet.swift in Sources */ = {isa = PBXBuildFile; fileRef = AEF3828CE5B527D50E297071 /* AIExportSheet.swift */; };
		C7A2D21E38B6B589F12A1144 /* OnboardingView.swift in Sources */ = {isa = PBXBuildFile; fileRef = A7153E77328B786D13B939D5 /* OnboardingView.swift */; };
		CBF535540236C9A05326CED4 /* CalendarService.swift in Sources */ = {isa = PBXBuildFile; fileRef = EC44A43E57DE61F5A4DB68FB /* CalendarService.swift */; };
		D45D8D1C15272C5ED098F882 /* Models.swift in Sources */ = {isa = PBXBuildFile; fileRef = 29788F509600637197A5B39D /* Models.swift */; };
		D5F9E9D76389CF307CB3ACFA /* Assets.xcassets in Resources */ = {isa = PBXBuildFile; fileRef = DDA3EA25D7F1EE0A32F63F41 /* Assets.xcassets */; };
		DB430A797F69E5B85C9AB1A4 /* LiveContextGenerator.swift in Sources */ = {isa = PBXBuildFile; fileRef = 267C246E5EFF2CA867120730 /* LiveContextGenerator.swift */; };
		E126FBC1D06305E78CC3D069 /* AnalyticsEngine.swift in Sources */ = {isa = PBXBuildFile; fileRef = 31CA34B2872C0DD122CEF38D /* AnalyticsEngine.swift */; };
		E61D1CC4547F5B3EA821F528 /* DreamApp.swift in Sources */ = {isa = PBXBuildFile; fileRef = 83286524AA77A525BEAF6BDC /* DreamApp.swift */; };
		EF6C769DC173E65EA4D504EA /* main.swift in Sources */ = {isa = PBXBuildFile; fileRef = 3A194730322E775A5E9A4907 /* main.swift */; };
		F15E29DA34485230B47C1A13 /* SettingsView.swift in Sources */ = {isa = PBXBuildFile; fileRef = 3E3917F871D8C4E5C479E762 /* SettingsView.swift */; };
		F2F84987ED2875CC1528ACAE /* FilesTab.swift in Sources */ = {isa = PBXBuildFile; fileRef = 71D2A8D735B7572745BC364D /* FilesTab.swift */; };
/* End PBXBuildFile section */

/* Begin PBXFileReference section */
		0F65E66C82AA9ADCD2BB9940 /* DesignTokens.swift */ = {isa = PBXFileReference; lastKnownFileType = sourcecode.swift; path = DesignTokens.swift; sourceTree = "<group>"; };
		24809B7EDC35B28FB825718E /* PermissionService.swift */ = {isa = PBXFileReference; lastKnownFileType = sourcecode.swift; path = PermissionService.swift; sourceTree = "<group>"; };
		267C246E5EFF2CA867120730 /* LiveContextGenerator.swift */ = {isa = PBXFileReference; lastKnownFileType = sourcecode.swift; path = LiveContextGenerator.swift; sourceTree = "<group>"; };
		29788F509600637197A5B39D /* Models.swift */ = {isa = PBXFileReference; lastKnownFileType = sourcecode.swift; path = Models.swift; sourceTree = "<group>"; };
		31CA34B2872C0DD122CEF38D /* AnalyticsEngine.swift */ = {isa = PBXFileReference; lastKnownFileType = sourcecode.swift; path = AnalyticsEngine.swift; sourceTree = "<group>"; };
		3A194730322E775A5E9A4907 /* main.swift */ = {isa = PBXFileReference; lastKnownFileType = sourcecode.swift; path = main.swift; sourceTree = "<group>"; };
		3C20674B22EA786364042A02 /* KeychainService.swift */ = {isa = PBXFileReference; lastKnownFileType = sourcecode.swift; path = KeychainService.swift; sourceTree = "<group>"; };
		3E3917F871D8C4E5C479E762 /* SettingsView.swift */ = {isa = PBXFileReference; lastKnownFileType = sourcecode.swift; path = SettingsView.swift; sourceTree = "<group>"; };
		4432343512DB0CF0F9A449CD /* Dream.entitlements */ = {isa = PBXFileReference; lastKnownFileType = text.plist.entitlements; path = Dream.entitlements; sourceTree = "<group>"; };
		479FCCCEEB1D9213BD36FB31 /* SummaryContent.swift */ = {isa = PBXFileReference; lastKnownFileType = sourcecode.swift; path = SummaryContent.swift; sourceTree = "<group>"; };
		5BB171E92B4F88C6A829B0ED /* EmailService.swift */ = {isa = PBXFileReference; lastKnownFileType = sourcecode.swift; path = EmailService.swift; sourceTree = "<group>"; };
		5BEF1D98ED353BA61AED9794 /* FactExtractor.swift */ = {isa = PBXFileReference; lastKnownFileType = sourcecode.swift; path = FactExtractor.swift; sourceTree = "<group>"; };
		71D2A8D735B7572745BC364D /* FilesTab.swift */ = {isa = PBXFileReference; lastKnownFileType = sourcecode.swift; path = FilesTab.swift; sourceTree = "<group>"; };
		800206DAA1BB06787FF4E585 /* PrivacyStatusBar.swift */ = {isa = PBXFileReference; lastKnownFileType = sourcecode.swift; path = PrivacyStatusBar.swift; sourceTree = "<group>"; };
		83286524AA77A525BEAF6BDC /* DreamApp.swift */ = {isa = PBXFileReference; lastKnownFileType = sourcecode.swift; path = DreamApp.swift; sourceTree = "<group>"; };
		8FAE3FD1DCE2396532C6762E /* SearchBar.swift */ = {isa = PBXFileReference; lastKnownFileType = sourcecode.swift; path = SearchBar.swift; sourceTree = "<group>"; };
		9316E203B2E0226D3413E6A6 /* FullWindowView.swift */ = {isa = PBXFileReference; lastKnownFileType = sourcecode.swift; path = FullWindowView.swift; sourceTree = "<group>"; };
		9435B446CEA02AB71591F629 /* MCPServer.swift */ = {isa = PBXFileReference; lastKnownFileType = sourcecode.swift; path = MCPServer.swift; sourceTree = "<group>"; };
		99C2E27315622F5378BC1B90 /* RecordingService.swift */ = {isa = PBXFileReference; lastKnownFileType = sourcecode.swift; path = RecordingService.swift; sourceTree = "<group>"; };
		99F7AA73DC400937F893F26F /* DreamEngine.swift */ = {isa = PBXFileReference; lastKnownFileType = sourcecode.swift; path = DreamEngine.swift; sourceTree = "<group>"; };
		A7153E77328B786D13B939D5 /* OnboardingView.swift */ = {isa = PBXFileReference; lastKnownFileType = sourcecode.swift; path = OnboardingView.swift; sourceTree = "<group>"; };
		AEF3828CE5B527D50E297071 /* AIExportSheet.swift */ = {isa = PBXFileReference; lastKnownFileType = sourcecode.swift; path = AIExportSheet.swift; sourceTree = "<group>"; };
		B333118B4893B3ACC26A48F6 /* ActionBar.swift */ = {isa = PBXFileReference; lastKnownFileType = sourcecode.swift; path = ActionBar.swift; sourceTree = "<group>"; };
		B5684ECC745D0124D5D1224F /* AppState.swift */ = {isa = PBXFileReference; lastKnownFileType = sourcecode.swift; path = AppState.swift; sourceTree = "<group>"; };
		B57B35A3E1651E70333DFF66 /* Info.plist */ = {isa = PBXFileReference; lastKnownFileType = text.plist; path = Info.plist; sourceTree = "<group>"; };
		BB8358618016964BD0D20AE1 /* DreamMCP */ = {isa = PBXFileReference; includeInIndex = 0; path = DreamMCP; sourceTree = BUILT_PRODUCTS_DIR; };
		BD95BF8AE481474F9151CE73 /* DatabaseService.swift */ = {isa = PBXFileReference; lastKnownFileType = sourcecode.swift; path = DatabaseService.swift; sourceTree = "<group>"; };
		CBBAAF1E805104C572763E27 /* MenuBarPanel.swift */ = {isa = PBXFileReference; lastKnownFileType = sourcecode.swift; path = MenuBarPanel.swift; sourceTree = "<group>"; };
		DDA3EA25D7F1EE0A32F63F41 /* Assets.xcassets */ = {isa = PBXFileReference; lastKnownFileType = folder.assetcatalog; path = Assets.xcassets; sourceTree = "<group>"; };
		DFF6098E4D8A8224B0260FB0 /* PastSummaryCard.swift */ = {isa = PBXFileReference; lastKnownFileType = sourcecode.swift; path = PastSummaryCard.swift; sourceTree = "<group>"; };
		E7A1A4A2C0B5BBCBB1826D6A /* TimeBlockEngine.swift */ = {isa = PBXFileReference; lastKnownFileType = sourcecode.swift; path = TimeBlockEngine.swift; sourceTree = "<group>"; };
		EC44A43E57DE61F5A4DB68FB /* CalendarService.swift */ = {isa = PBXFileReference; lastKnownFileType = sourcecode.swift; path = CalendarService.swift; sourceTree = "<group>"; };
		EEACE77826C232B268C2E327 /* Dream.app */ = {isa = PBXFileReference; explicitFileType = wrapper.application; includeInIndex = 0; path = Dream.app; sourceTree = BUILT_PRODUCTS_DIR; };
/* End PBXFileReference section */

/* Begin PBXFrameworksBuildPhase section */
		1108FA3CB9C3300133E2D685 /* Frameworks */ = {
			isa = PBXFrameworksBuildPhase;
			buildActionMask = 2147483647;
			files = (
				69F68B07157407633BB8E3C0 /* GRDB in Frameworks */,
			);
			runOnlyForDeploymentPostprocessing = 0;
		};
		2C71C74CA88A95929D55B81E /* Frameworks */ = {
			isa = PBXFrameworksBuildPhase;
			buildActionMask = 2147483647;
			files = (
				53D08076F13CD341607C2A76 /* GRDB in Frameworks */,
			);
			runOnlyForDeploymentPostprocessing = 0;
		};
/* End PBXFrameworksBuildPhase section */

/* Begin PBXGroup section */
		13AA93E13032A9F4F2E31655 /* Models */ = {
			isa = PBXGroup;
			children = (
				29788F509600637197A5B39D /* Models.swift */,
			);
			path = Models;
			sourceTree = "<group>";
		};
		141A5C965F99A6F64DD1C735 /* DreamMCP */ = {
			isa = PBXGroup;
			children = (
				3A194730322E775A5E9A4907 /* main.swift */,
			);
			path = DreamMCP;
			sourceTree = "<group>";
		};
		1A9FFAA10F05B08CC2F4B51F /* App */ = {
			isa = PBXGroup;
			children = (
				B5684ECC745D0124D5D1224F /* AppState.swift */,
				83286524AA77A525BEAF6BDC /* DreamApp.swift */,
			);
			path = App;
			sourceTree = "<group>";
		};
		3AA359C3B713C73BE547600D /* Components */ = {
			isa = PBXGroup;
			children = (
				B333118B4893B3ACC26A48F6 /* ActionBar.swift */,
				0F65E66C82AA9ADCD2BB9940 /* DesignTokens.swift */,
				DFF6098E4D8A8224B0260FB0 /* PastSummaryCard.swift */,
				800206DAA1BB06787FF4E585 /* PrivacyStatusBar.swift */,
				8FAE3FD1DCE2396532C6762E /* SearchBar.swift */,
				479FCCCEEB1D9213BD36FB31 /* SummaryContent.swift */,
			);
			path = Components;
			sourceTree = "<group>";
		};
		3AD5DB6CF56981A943EB9172 /* Dream */ = {
			isa = PBXGroup;
			children = (
				1A9FFAA10F05B08CC2F4B51F /* App */,
				13AA93E13032A9F4F2E31655 /* Models */,
				F7564B68FEB244A2AF80AFE6 /* Resources */,
				57D6E8577F121EB68F211699 /* Services */,
				4B070AEFA8119D731A8127AF /* Views */,
			);
			path = Dream;
			sourceTree = "<group>";
		};
		4B070AEFA8119D731A8127AF /* Views */ = {
			isa = PBXGroup;
			children = (
				AEF3828CE5B527D50E297071 /* AIExportSheet.swift */,
				71D2A8D735B7572745BC364D /* FilesTab.swift */,
				9316E203B2E0226D3413E6A6 /* FullWindowView.swift */,
				CBBAAF1E805104C572763E27 /* MenuBarPanel.swift */,
				A7153E77328B786D13B939D5 /* OnboardingView.swift */,
				3AA359C3B713C73BE547600D /* Components */,
				DE9F30760B751F621C576A5A /* Settings */,
			);
			path = Views;
			sourceTree = "<group>";
		};
		57D6E8577F121EB68F211699 /* Services */ = {
			isa = PBXGroup;
			children = (
				31CA34B2872C0DD122CEF38D /* AnalyticsEngine.swift */,
				EC44A43E57DE61F5A4DB68FB /* CalendarService.swift */,
				BD95BF8AE481474F9151CE73 /* DatabaseService.swift */,
				99F7AA73DC400937F893F26F /* DreamEngine.swift */,
				5BB171E92B4F88C6A829B0ED /* EmailService.swift */,
				5BEF1D98ED353BA61AED9794 /* FactExtractor.swift */,
				3C20674B22EA786364042A02 /* KeychainService.swift */,
				267C246E5EFF2CA867120730 /* LiveContextGenerator.swift */,
				9435B446CEA02AB71591F629 /* MCPServer.swift */,
				24809B7EDC35B28FB825718E /* PermissionService.swift */,
				99C2E27315622F5378BC1B90 /* RecordingService.swift */,
				E7A1A4A2C0B5BBCBB1826D6A /* TimeBlockEngine.swift */,
			);
			path = Services;
			sourceTree = "<group>";
		};
		9FA8A2E7E905040F432CC39E = {
			isa = PBXGroup;
			children = (
				3AD5DB6CF56981A943EB9172 /* Dream */,
				141A5C965F99A6F64DD1C735 /* DreamMCP */,
				A7BE050CBC9512FFB7C5F34D /* Products */,
			);
			sourceTree = "<group>";
		};
		A7BE050CBC9512FFB7C5F34D /* Products */ = {
			isa = PBXGroup;
			children = (
				EEACE77826C232B268C2E327 /* Dream.app */,
				BB8358618016964BD0D20AE1 /* DreamMCP */,
			);
			name = Products;
			sourceTree = "<group>";
		};
		DE9F30760B751F621C576A5A /* Settings */ = {
			isa = PBXGroup;
			children = (
				3E3917F871D8C4E5C479E762 /* SettingsView.swift */,
			);
			path = Settings;
			sourceTree = "<group>";
		};
		F7564B68FEB244A2AF80AFE6 /* Resources */ = {
			isa = PBXGroup;
			children = (
				DDA3EA25D7F1EE0A32F63F41 /* Assets.xcassets */,
				4432343512DB0CF0F9A449CD /* Dream.entitlements */,
				B57B35A3E1651E70333DFF66 /* Info.plist */,
			);
			path = Resources;
			sourceTree = "<group>";
		};
/* End PBXGroup section */

/* Begin PBXNativeTarget section */
		108357C25D83CE701F09039E /* DreamMCP */ = {
			isa = PBXNativeTarget;
			buildConfigurationList = C84D1FFFD77BC4A669E36A5F /* Build configuration list for PBXNativeTarget "DreamMCP" */;
			buildPhases = (
				60F68769C2136A46B7D1F6B4 /* Sources */,
				1108FA3CB9C3300133E2D685 /* Frameworks */,
			);
			buildRules = (
			);
			dependencies = (
			);
			name = DreamMCP;
			packageProductDependencies = (
				C17C581A4A8646EC4EAF34BF /* GRDB */,
			);
			productName = DreamMCP;
			productReference = BB8358618016964BD0D20AE1 /* DreamMCP */;
			productType = "com.apple.product-type.tool";
		};
		E1618791C9C4381020EDF71B /* Dream */ = {
			isa = PBXNativeTarget;
			buildConfigurationList = AA78C4BA535C2E13757215D7 /* Build configuration list for PBXNativeTarget "Dream" */;
			buildPhases = (
				DDF2538DCCE531F7D64BA286 /* Sources */,
				FD3E75513D68BA5D3B1B6F30 /* Resources */,
				2C71C74CA88A95929D55B81E /* Frameworks */,
			);
			buildRules = (
			);
			dependencies = (
			);
			name = Dream;
			packageProductDependencies = (
				52E20F426BCBA851A7E7E75B /* GRDB */,
			);
			productName = Dream;
			productReference = EEACE77826C232B268C2E327 /* Dream.app */;
			productType = "com.apple.product-type.application";
		};
/* End PBXNativeTarget section */

/* Begin PBXProject section */
		77DFD68A237398F9EF887B31 /* Project object */ = {
			isa = PBXProject;
			attributes = {
				BuildIndependentTargetsInParallel = YES;
				LastUpgradeCheck = 1600;
			};
			buildConfigurationList = E4D872C5471D407BF87A25B2 /* Build configuration list for PBXProject "Dream" */;
			compatibilityVersion = "Xcode 14.0";
			developmentRegion = en;
			hasScannedForEncodings = 0;
			knownRegions = (
				Base,
				en,
			);
			mainGroup = 9FA8A2E7E905040F432CC39E;
			minimizedProjectReferenceProxies = 1;
			packageReferences = (
				E97E63D559219B38A992D0AB /* XCRemoteSwiftPackageReference "GRDB.swift" */,
			);
			preferredProjectObjectVersion = 77;
			projectDirPath = "";
			projectRoot = "";
			targets = (
				E1618791C9C4381020EDF71B /* Dream */,
				108357C25D83CE701F09039E /* DreamMCP */,
			);
		};
/* End PBXProject section */

/* Begin PBXResourcesBuildPhase section */
		FD3E75513D68BA5D3B1B6F30 /* Resources */ = {
			isa = PBXResourcesBuildPhase;
			buildActionMask = 2147483647;
			files = (
				D5F9E9D76389CF307CB3ACFA /* Assets.xcassets in Resources */,
			);
			runOnlyForDeploymentPostprocessing = 0;
		};
/* End PBXResourcesBuildPhase section */

/* Begin PBXSourcesBuildPhase section */
		60F68769C2136A46B7D1F6B4 /* Sources */ = {
			isa = PBXSourcesBuildPhase;
			buildActionMask = 2147483647;
			files = (
				E126FBC1D06305E78CC3D069 /* AnalyticsEngine.swift in Sources */,
				8AD0B88C138760E1F307EEB1 /* DatabaseService.swift in Sources */,
				493C34447B7D2E57F779096B /* KeychainService.swift in Sources */,
				1429FD2D64740CB7D2D05666 /* MCPServer.swift in Sources */,
				99B416D97C6BC6A0C836B16B /* Models.swift in Sources */,
				EF6C769DC173E65EA4D504EA /* main.swift in Sources */,
			);
			runOnlyForDeploymentPostprocessing = 0;
		};
		DDF2538DCCE531F7D64BA286 /* Sources */ = {
			isa = PBXSourcesBuildPhase;
			buildActionMask = 2147483647;
			files = (
				C494A172314468A536023B86 /* AIExportSheet.swift in Sources */,
				36F4E01C49E96BE4682277B2 /* ActionBar.swift in Sources */,
				5217219F78672F7BC4F909AF /* AnalyticsEngine.swift in Sources */,
				A5657C4B198A8AEB4277A8FC /* AppState.swift in Sources */,
				CBF535540236C9A05326CED4 /* CalendarService.swift in Sources */,
				48BB1FFFC3606821A2282668 /* DatabaseService.swift in Sources */,
				35FEFDC0378051A9549301EB /* DesignTokens.swift in Sources */,
				E61D1CC4547F5B3EA821F528 /* DreamApp.swift in Sources */,
				BE7838DE9D6CDB49F0FB887B /* DreamEngine.swift in Sources */,
				4585D44C543E009F76A92690 /* EmailService.swift in Sources */,
				411723302DAA0FDE401F5D40 /* FactExtractor.swift in Sources */,
				F2F84987ED2875CC1528ACAE /* FilesTab.swift in Sources */,
				079C654ADA7CA274C291FD6F /* FullWindowView.swift in Sources */,
				95D1F8839C950B4AE70EF8DF /* KeychainService.swift in Sources */,
				DB430A797F69E5B85C9AB1A4 /* LiveContextGenerator.swift in Sources */,
				33C50DD5353C7CBD079CDB68 /* MCPServer.swift in Sources */,
				3C789FEECF52394585CF56E9 /* MenuBarPanel.swift in Sources */,
				D45D8D1C15272C5ED098F882 /* Models.swift in Sources */,
				C7A2D21E38B6B589F12A1144 /* OnboardingView.swift in Sources */,
				6763A2D9B1D58EDF4C91ACD6 /* PastSummaryCard.swift in Sources */,
				6209961C62B5A055E225838E /* PermissionService.swift in Sources */,
				54924B41044E12D8C548CDC6 /* PrivacyStatusBar.swift in Sources */,
				08755C5C741316E76D077E52 /* RecordingService.swift in Sources */,
				5204F932F1DC2F41251BE46B /* SearchBar.swift in Sources */,
				F15E29DA34485230B47C1A13 /* SettingsView.swift in Sources */,
				4A979E895E773C57F011ED9A /* SummaryContent.swift in Sources */,
				0E0277418219B9890FECC504 /* TimeBlockEngine.swift in Sources */,
			);
			runOnlyForDeploymentPostprocessing = 0;
		};
/* End PBXSourcesBuildPhase section */

/* Begin XCBuildConfiguration section */
		25608EAC023F15CB50F704BE /* Release */ = {
			isa = XCBuildConfiguration;
			buildSettings = {
				ASSETCATALOG_COMPILER_APPICON_NAME = AppIcon;
				CODE_SIGN_ENTITLEMENTS = Dream/Resources/Dream.entitlements;
				COMBINE_HIDPI_IMAGES = YES;
				CURRENT_PROJECT_VERSION = 1;
				ENABLE_HARDENED_RUNTIME = NO;
				GENERATE_INFOPLIST_FILE = YES;
				INFOPLIST_FILE = Dream/Resources/Info.plist;
				LD_RUNPATH_SEARCH_PATHS = "@executable_path/../Frameworks";
				MACOSX_DEPLOYMENT_TARGET = 14.0;
				MARKETING_VERSION = 1.0.0;
				PRODUCT_BUNDLE_IDENTIFIER = com.dream.app;
				PRODUCT_NAME = Dream;
				SDKROOT = macosx;
				SWIFT_VERSION = 5.9;
			};
			name = Release;
		};
		43B0C3FA19D94B5BED112088 /* Release */ = {
			isa = XCBuildConfiguration;
			buildSettings = {
				ALWAYS_SEARCH_USER_PATHS = NO;
				CLANG_ANALYZER_NONNULL = YES;
				CLANG_ANALYZER_NUMBER_OBJECT_CONVERSION = YES_AGGRESSIVE;
				CLANG_CXX_LANGUAGE_STANDARD = "gnu++14";
				CLANG_CXX_LIBRARY = "libc++";
				CLANG_ENABLE_MODULES = YES;
				CLANG_ENABLE_OBJC_ARC = YES;
				CLANG_ENABLE_OBJC_WEAK = YES;
				CLANG_WARN_BLOCK_CAPTURE_AUTORELEASING = YES;
				CLANG_WARN_BOOL_CONVERSION = YES;
				CLANG_WARN_COMMA = YES;
				CLANG_WARN_CONSTANT_CONVERSION = YES;
				CLANG_WARN_DEPRECATED_OBJC_IMPLEMENTATIONS = YES;
				CLANG_WARN_DIRECT_OBJC_ISA_USAGE = YES_ERROR;
				CLANG_WARN_DOCUMENTATION_COMMENTS = YES;
				CLANG_WARN_EMPTY_BODY = YES;
				CLANG_WARN_ENUM_CONVERSION = YES;
				CLANG_WARN_INFINITE_RECURSION = YES;
				CLANG_WARN_INT_CONVERSION = YES;
				CLANG_WARN_NON_LITERAL_NULL_CONVERSION = YES;
				CLANG_WARN_OBJC_IMPLICIT_RETAIN_SELF = YES;
				CLANG_WARN_OBJC_LITERAL_CONVERSION = YES;
				CLANG_WARN_OBJC_ROOT_CLASS = YES_ERROR;
				CLANG_WARN_QUOTED_INCLUDE_IN_FRAMEWORK_HEADER = YES;
				CLANG_WARN_RANGE_LOOP_ANALYSIS = YES;
				CLANG_WARN_STRICT_PROTOTYPES = YES;
				CLANG_WARN_SUSPICIOUS_MOVE = YES;
				CLANG_WARN_UNGUARDED_AVAILABILITY = YES_AGGRESSIVE;
				CLANG_WARN_UNREACHABLE_CODE = YES;
				CLANG_WARN__DUPLICATE_METHOD_MATCH = YES;
				COPY_PHASE_STRIP = NO;
				DEBUG_INFORMATION_FORMAT = "dwarf-with-dsym";
				ENABLE_NS_ASSERTIONS = NO;
				ENABLE_STRICT_OBJC_MSGSEND = YES;
				GCC_C_LANGUAGE_STANDARD = gnu11;
				GCC_NO_COMMON_BLOCKS = YES;
				GCC_WARN_64_TO_32_BIT_CONVERSION = YES;
				GCC_WARN_ABOUT_RETURN_TYPE = YES_ERROR;
				GCC_WARN_UNDECLARED_SELECTOR = YES;
				GCC_WARN_UNINITIALIZED_AUTOS = YES_AGGRESSIVE;
				GCC_WARN_UNUSED_FUNCTION = YES;
				GCC_WARN_UNUSED_VARIABLE = YES;
				MACOSX_DEPLOYMENT_TARGET = 14.0;
				MTL_ENABLE_DEBUG_INFO = NO;
				MTL_FAST_MATH = YES;
				PRODUCT_NAME = "$(TARGET_NAME)";
				SDKROOT = macosx;
				SWIFT_COMPILATION_MODE = wholemodule;
				SWIFT_OPTIMIZATION_LEVEL = "-O";
				SWIFT_VERSION = 5.0;
			};
			name = Release;
		};
		B0947DE6E624E0EB07124A4A /* Release */ = {
			isa = XCBuildConfiguration;
			buildSettings = {
				COMBINE_HIDPI_IMAGES = YES;
				GENERATE_INFOPLIST_FILE = YES;
				LD_RUNPATH_SEARCH_PATHS = (
					"$(inherited)",
					"@executable_path/../Frameworks",
				);
				MACOSX_DEPLOYMENT_TARGET = 14.0;
				PRODUCT_BUNDLE_IDENTIFIER = com.dream.DreamMCP;
				PRODUCT_NAME = DreamMCP;
				SDKROOT = macosx;
				SWIFT_VERSION = 5.9;
			};
			name = Release;
		};
		BFBCC981CEA9F750B4168902 /* Debug */ = {
			isa = XCBuildConfiguration;
			buildSettings = {
				ALWAYS_SEARCH_USER_PATHS = NO;
				CLANG_ANALYZER_NONNULL = YES;
				CLANG_ANALYZER_NUMBER_OBJECT_CONVERSION = YES_AGGRESSIVE;
				CLANG_CXX_LANGUAGE_STANDARD = "gnu++14";
				CLANG_CXX_LIBRARY = "libc++";
				CLANG_ENABLE_MODULES = YES;
				CLANG_ENABLE_OBJC_ARC = YES;
				CLANG_ENABLE_OBJC_WEAK = YES;
				CLANG_WARN_BLOCK_CAPTURE_AUTORELEASING = YES;
				CLANG_WARN_BOOL_CONVERSION = YES;
				CLANG_WARN_COMMA = YES;
				CLANG_WARN_CONSTANT_CONVERSION = YES;
				CLANG_WARN_DEPRECATED_OBJC_IMPLEMENTATIONS = YES;
				CLANG_WARN_DIRECT_OBJC_ISA_USAGE = YES_ERROR;
				CLANG_WARN_DOCUMENTATION_COMMENTS = YES;
				CLANG_WARN_EMPTY_BODY = YES;
				CLANG_WARN_ENUM_CONVERSION = YES;
				CLANG_WARN_INFINITE_RECURSION = YES;
				CLANG_WARN_INT_CONVERSION = YES;
				CLANG_WARN_NON_LITERAL_NULL_CONVERSION = YES;
				CLANG_WARN_OBJC_IMPLICIT_RETAIN_SELF = YES;
				CLANG_WARN_OBJC_LITERAL_CONVERSION = YES;
				CLANG_WARN_OBJC_ROOT_CLASS = YES_ERROR;
				CLANG_WARN_QUOTED_INCLUDE_IN_FRAMEWORK_HEADER = YES;
				CLANG_WARN_RANGE_LOOP_ANALYSIS = YES;
				CLANG_WARN_STRICT_PROTOTYPES = YES;
				CLANG_WARN_SUSPICIOUS_MOVE = YES;
				CLANG_WARN_UNGUARDED_AVAILABILITY = YES_AGGRESSIVE;
				CLANG_WARN_UNREACHABLE_CODE = YES;
				CLANG_WARN__DUPLICATE_METHOD_MATCH = YES;
				COPY_PHASE_STRIP = NO;
				DEBUG_INFORMATION_FORMAT = dwarf;
				ENABLE_STRICT_OBJC_MSGSEND = YES;
				ENABLE_TESTABILITY = YES;
				GCC_C_LANGUAGE_STANDARD = gnu11;
				GCC_DYNAMIC_NO_PIC = NO;
				GCC_NO_COMMON_BLOCKS = YES;
				GCC_OPTIMIZATION_LEVEL = 0;
				GCC_PREPROCESSOR_DEFINITIONS = (
					"$(inherited)",
					"DEBUG=1",
				);
				GCC_WARN_64_TO_32_BIT_CONVERSION = YES;
				GCC_WARN_ABOUT_RETURN_TYPE = YES_ERROR;
				GCC_WARN_UNDECLARED_SELECTOR = YES;
				GCC_WARN_UNINITIALIZED_AUTOS = YES_AGGRESSIVE;
				GCC_WARN_UNUSED_FUNCTION = YES;
				GCC_WARN_UNUSED_VARIABLE = YES;
				MACOSX_DEPLOYMENT_TARGET = 14.0;
				MTL_ENABLE_DEBUG_INFO = INCLUDE_SOURCE;
				MTL_FAST_MATH = YES;
				ONLY_ACTIVE_ARCH = YES;
				PRODUCT_NAME = "$(TARGET_NAME)";
				SDKROOT = macosx;
				SWIFT_ACTIVE_COMPILATION_CONDITIONS = DEBUG;
				SWIFT_OPTIMIZATION_LEVEL = "-Onone";
				SWIFT_VERSION = 5.0;
			};
			name = Debug;
		};
		F1CD29786DFC9B310A479463 /* Debug */ = {
			isa = XCBuildConfiguration;
			buildSettings = {
				ASSETCATALOG_COMPILER_APPICON_NAME = AppIcon;
				CODE_SIGN_ENTITLEMENTS = Dream/Resources/Dream.entitlements;
				COMBINE_HIDPI_IMAGES = YES;
				CURRENT_PROJECT_VERSION = 1;
				ENABLE_HARDENED_RUNTIME = NO;
				GENERATE_INFOPLIST_FILE = YES;
				INFOPLIST_FILE = Dream/Resources/Info.plist;
				LD_RUNPATH_SEARCH_PATHS = "@executable_path/../Frameworks";
				MACOSX_DEPLOYMENT_TARGET = 14.0;
				MARKETING_VERSION = 1.0.0;
				PRODUCT_BUNDLE_IDENTIFIER = com.dream.app;
				PRODUCT_NAME = Dream;
				SDKROOT = macosx;
				SWIFT_VERSION = 5.9;
			};
			name = Debug;
		};
		FDE5FC1844367E022DECBE7B /* Debug */ = {
			isa = XCBuildConfiguration;
			buildSettings = {
				COMBINE_HIDPI_IMAGES = YES;
				GENERATE_INFOPLIST_FILE = YES;
				LD_RUNPATH_SEARCH_PATHS = (
					"$(inherited)",
					"@executable_path/../Frameworks",
				);
				MACOSX_DEPLOYMENT_TARGET = 14.0;
				PRODUCT_BUNDLE_IDENTIFIER = com.dream.DreamMCP;
				PRODUCT_NAME = DreamMCP;
				SDKROOT = macosx;
				SWIFT_VERSION = 5.9;
			};
			name = Debug;
		};
/* End XCBuildConfiguration section */

/* Begin XCConfigurationList section */
		AA78C4BA535C2E13757215D7 /* Build configuration list for PBXNativeTarget "Dream" */ = {
			isa = XCConfigurationList;
			buildConfigurations = (
				F1CD29786DFC9B310A479463 /* Debug */,
				25608EAC023F15CB50F704BE /* Release */,
			);
			defaultConfigurationIsVisible = 0;
			defaultConfigurationName = Debug;
		};
		C84D1FFFD77BC4A669E36A5F /* Build configuration list for PBXNativeTarget "DreamMCP" */ = {
			isa = XCConfigurationList;
			buildConfigurations = (
				FDE5FC1844367E022DECBE7B /* Debug */,
				B0947DE6E624E0EB07124A4A /* Release */,
			);
			defaultConfigurationIsVisible = 0;
			defaultConfigurationName = Debug;
		};
		E4D872C5471D407BF87A25B2 /* Build configuration list for PBXProject "Dream" */ = {
			isa = XCConfigurationList;
			buildConfigurations = (
				BFBCC981CEA9F750B4168902 /* Debug */,
				43B0C3FA19D94B5BED112088 /* Release */,
			);
			defaultConfigurationIsVisible = 0;
			defaultConfigurationName = Debug;
		};
/* End XCConfigurationList section */

/* Begin XCRemoteSwiftPackageReference section */
		E97E63D559219B38A992D0AB /* XCRemoteSwiftPackageReference "GRDB.swift" */ = {
			isa = XCRemoteSwiftPackageReference;
			repositoryURL = "https://github.com/groue/GRDB.swift.git";
			requirement = {
				kind = upToNextMajorVersion;
				minimumVersion = 6.24.0;
			};
		};
/* End XCRemoteSwiftPackageReference section */

/* Begin XCSwiftPackageProductDependency section */
		52E20F426BCBA851A7E7E75B /* GRDB */ = {
			isa = XCSwiftPackageProductDependency;
			package = E97E63D559219B38A992D0AB /* XCRemoteSwiftPackageReference "GRDB.swift" */;
			productName = GRDB;
		};
		C17C581A4A8646EC4EAF34BF /* GRDB */ = {
			isa = XCSwiftPackageProductDependency;
			package = E97E63D559219B38A992D0AB /* XCRemoteSwiftPackageReference "GRDB.swift" */;
			productName = GRDB;
		};
/* End XCSwiftPackageProductDependency section */
	};
	rootObject = 77DFD68A237398F9EF887B31 /* Project object */;
}
